// !$*UTF8*$!
{
	archiveVersion = 1;
	classes = {
	};
	objectVersion = 55;
	objects = {

/* Begin PBXBuildFile section */
		2555EA1E27B2474D00955CC0 /* MyFirstPodsLib.docc in Sources */ = {isa = PBXBuildFile; fileRef = 2555EA1D27B2474D00955CC0 /* MyFirstPodsLib.docc */; };
		2555EA2427B2474E00955CC0 /* MyFirstPodsLib.framework in Frameworks */ = {isa = PBXBuildFile; fileRef = 2555EA1927B2474D00955CC0 /* MyFirstPodsLib.framework */; };
		2555EA2927B2474E00955CC0 /* MyFirstPodsLibTests.swift in Sources */ = {isa = PBXBuildFile; fileRef = 2555EA2827B2474E00955CC0 /* MyFirstPodsLibTests.swift */; };
		2555EA2A27B2474E00955CC0 /* MyFirstPodsLib.h in Headers */ = {isa = PBXBuildFile; fileRef = 2555EA1C27B2474D00955CC0 /* MyFirstPodsLib.h */; settings = {ATTRIBUTES = (Public, ); }; };
		2555EA3A27B2486900955CC0 /* AppDelegate.swift in Sources */ = {isa = PBXBuildFile; fileRef = 2555EA3927B2486900955CC0 /* AppDelegate.swift */; };
		2555EA3C27B2486900955CC0 /* SceneDelegate.swift in Sources */ = {isa = PBXBuildFile; fileRef = 2555EA3B27B2486900955CC0 /* SceneDelegate.swift */; };
		2555EA3E27B2486900955CC0 /* ViewController.swift in Sources */ = {isa = PBXBuildFile; fileRef = 2555EA3D27B2486900955CC0 /* ViewController.swift */; };
		2555EA4127B2486900955CC0 /* Main.storyboard in Resources */ = {isa = PBXBuildFile; fileRef = 2555EA3F27B2486900955CC0 /* Main.storyboard */; };
		2555EA4327B2486A00955CC0 /* Assets.xcassets in Resources */ = {isa = PBXBuildFile; fileRef = 2555EA4227B2486A00955CC0 /* Assets.xcassets */; };
		2555EA4627B2486A00955CC0 /* LaunchScreen.storyboard in Resources */ = {isa = PBXBuildFile; fileRef = 2555EA4427B2486A00955CC0 /* LaunchScreen.storyboard */; };
		2555EA4C27B248EE00955CC0 /* MyFirstPod.swift in Sources */ = {isa = PBXBuildFile; fileRef = 2555EA4B27B248EE00955CC0 /* MyFirstPod.swift */; };
		2555EA4D27B2694700955CC0 /* MyFirstPod.swift in Sources */ = {isa = PBXBuildFile; fileRef = 2555EA4B27B248EE00955CC0 /* MyFirstPod.swift */; };
/* End PBXBuildFile section */

/* Begin PBXContainerItemProxy section */
		2555EA2527B2474E00955CC0 /* PBXContainerItemProxy */ = {
			isa = PBXContainerItemProxy;
			containerPortal = 2555EA1027B2474D00955CC0 /* Project object */;
			proxyType = 1;
			remoteGlobalIDString = 2555EA1827B2474D00955CC0;
			remoteInfo = MyFirstPodsLib;
		};
/* End PBXContainerItemProxy section */

/* Begin PBXFileReference section */
		2555EA1927B2474D00955CC0 /* MyFirstPodsLib.framework */ = {isa = PBXFileReference; explicitFileType = wrapper.framework; includeInIndex = 0; path = MyFirstPodsLib.framework; sourceTree = BUILT_PRODUCTS_DIR; };
		2555EA1C27B2474D00955CC0 /* MyFirstPodsLib.h */ = {isa = PBXFileReference; lastKnownFileType = sourcecode.c.h; path = MyFirstPodsLib.h; sourceTree = "<group>"; };
		2555EA1D27B2474D00955CC0 /* MyFirstPodsLib.docc */ = {isa = PBXFileReference; lastKnownFileType = folder.documentationcatalog; path = MyFirstPodsLib.docc; sourceTree = "<group>"; };
		2555EA2327B2474E00955CC0 /* MyFirstPodsLibTests.xctest */ = {isa = PBXFileReference; explicitFileType = wrapper.cfbundle; includeInIndex = 0; path = MyFirstPodsLibTests.xctest; sourceTree = BUILT_PRODUCTS_DIR; };
		2555EA2827B2474E00955CC0 /* MyFirstPodsLibTests.swift */ = {isa = PBXFileReference; lastKnownFileType = sourcecode.swift; path = MyFirstPodsLibTests.swift; sourceTree = "<group>"; };
		2555EA3727B2486900955CC0 /* MyFirstPodLibExample.app */ = {isa = PBXFileReference; explicitFileType = wrapper.application; includeInIndex = 0; path = MyFirstPodLibExample.app; sourceTree = BUILT_PRODUCTS_DIR; };
		2555EA3927B2486900955CC0 /* AppDelegate.swift */ = {isa = PBXFileReference; lastKnownFileType = sourcecode.swift; path = AppDelegate.swift; sourceTree = "<group>"; };
		2555EA3B27B2486900955CC0 /* SceneDelegate.swift */ = {isa = PBXFileReference; lastKnownFileType = sourcecode.swift; path = SceneDelegate.swift; sourceTree = "<group>"; };
		2555EA3D27B2486900955CC0 /* ViewController.swift */ = {isa = PBXFileReference; lastKnownFileType = sourcecode.swift; path = ViewController.swift; sourceTree = "<group>"; };
		2555EA4027B2486900955CC0 /* Base */ = {isa = PBXFileReference; lastKnownFileType = file.storyboard; name = Base; path = Base.lproj/Main.storyboard; sourceTree = "<group>"; };
		2555EA4227B2486A00955CC0 /* Assets.xcassets */ = {isa = PBXFileReference; lastKnownFileType = folder.assetcatalog; path = Assets.xcassets; sourceTree = "<group>"; };
		2555EA4527B2486A00955CC0 /* Base */ = {isa = PBXFileReference; lastKnownFileType = file.storyboard; name = Base; path = Base.lproj/LaunchScreen.storyboard; sourceTree = "<group>"; };
		2555EA4727B2486A00955CC0 /* Info.plist */ = {isa = PBXFileReference; lastKnownFileType = text.plist.xml; path = Info.plist; sourceTree = "<group>"; };
		2555EA4B27B248EE00955CC0 /* MyFirstPod.swift */ = {isa = PBXFileReference; lastKnownFileType = sourcecode.swift; path = MyFirstPod.swift; sourceTree = "<group>"; };
/* End PBXFileReference section */

/* Begin PBXFrameworksBuildPhase section */
		2555EA1627B2474D00955CC0 /* Frameworks */ = {
			isa = PBXFrameworksBuildPhase;
			buildActionMask = 2147483647;
			files = (
			);
			runOnlyForDeploymentPostprocessing = 0;
		};
		2555EA2027B2474E00955CC0 /* Frameworks */ = {
			isa = PBXFrameworksBuildPhase;
			buildActionMask = 2147483647;
			files = (
				2555EA2427B2474E00955CC0 /* MyFirstPodsLib.framework in Frameworks */,
			);
			runOnlyForDeploymentPostprocessing = 0;
		};
		2555EA3427B2486900955CC0 /* Frameworks */ = {
			isa = PBXFrameworksBuildPhase;
			buildActionMask = 2147483647;
			files = (
			);
			runOnlyForDeploymentPostprocessing = 0;
		};
/* End PBXFrameworksBuildPhase section */

/* Begin PBXGroup section */
		2555EA0F27B2474D00955CC0 = {
			isa = PBXGroup;
			children = (
				2555EA1B27B2474D00955CC0 /* MyFirstPodsLib */,
				2555EA2727B2474E00955CC0 /* MyFirstPodsLibTests */,
				2555EA3827B2486900955CC0 /* MyFirstPodLibExample */,
				2555EA1A27B2474D00955CC0 /* Products */,
			);
			sourceTree = "<group>";
		};
		2555EA1A27B2474D00955CC0 /* Products */ = {
			isa = PBXGroup;
			children = (
				2555EA1927B2474D00955CC0 /* MyFirstPodsLib.framework */,
				2555EA2327B2474E00955CC0 /* MyFirstPodsLibTests.xctest */,
				2555EA3727B2486900955CC0 /* MyFirstPodLibExample.app */,
			);
			name = Products;
			sourceTree = "<group>";
		};
		2555EA1B27B2474D00955CC0 /* MyFirstPodsLib */ = {
			isa = PBXGroup;
			children = (
				2555EA1C27B2474D00955CC0 /* MyFirstPodsLib.h */,
				2555EA1D27B2474D00955CC0 /* MyFirstPodsLib.docc */,
				2555EA4B27B248EE00955CC0 /* MyFirstPod.swift */,
			);
			path = MyFirstPodsLib;
			sourceTree = "<group>";
		};
		2555EA2727B2474E00955CC0 /* MyFirstPodsLibTests */ = {
			isa = PBXGroup;
			children = (
				2555EA2827B2474E00955CC0 /* MyFirstPodsLibTests.swift */,
			);
			path = MyFirstPodsLibTests;
			sourceTree = "<group>";
		};
		2555EA3827B2486900955CC0 /* MyFirstPodLibExample */ = {
			isa = PBXGroup;
			children = (
				2555EA3927B2486900955CC0 /* AppDelegate.swift */,
				2555EA3B27B2486900955CC0 /* SceneDelegate.swift */,
				2555EA3D27B2486900955CC0 /* ViewController.swift */,
				2555EA3F27B2486900955CC0 /* Main.storyboard */,
				2555EA4227B2486A00955CC0 /* Assets.xcassets */,
				2555EA4427B2486A00955CC0 /* LaunchScreen.storyboard */,
				2555EA4727B2486A00955CC0 /* Info.plist */,
			);
			path = MyFirstPodLibExample;
			sourceTree = "<group>";
		};
/* End PBXGroup section */

/* Begin PBXHeadersBuildPhase section */
		2555EA1427B2474D00955CC0 /* Headers */ = {
			isa = PBXHeadersBuildPhase;
			buildActionMask = 2147483647;
			files = (
				2555EA2A27B2474E00955CC0 /* MyFirstPodsLib.h in Headers */,
			);
			runOnlyForDeploymentPostprocessing = 0;
		};
/* End PBXHeadersBuildPhase section */

/* Begin PBXNativeTarget section */
		2555EA1827B2474D00955CC0 /* MyFirstPodsLib */ = {
			isa = PBXNativeTarget;
			buildConfigurationList = 2555EA2D27B2474E00955CC0 /* Build configuration list for PBXNativeTarget "MyFirstPodsLib" */;
			buildPhases = (
				2555EA1427B2474D00955CC0 /* Headers */,
				2555EA1527B2474D00955CC0 /* Sources */,
				2555EA1627B2474D00955CC0 /* Frameworks */,
				2555EA1727B2474D00955CC0 /* Resources */,
			);
			buildRules = (
			);
			dependencies = (
			);
			name = MyFirstPodsLib;
			productName = MyFirstPodsLib;
			productReference = 2555EA1927B2474D00955CC0 /* MyFirstPodsLib.framework */;
			productType = "com.apple.product-type.framework";
		};
		2555EA2227B2474E00955CC0 /* MyFirstPodsLibTests */ = {
			isa = PBXNativeTarget;
			buildConfigurationList = 2555EA3027B2474E00955CC0 /* Build configuration list for PBXNativeTarget "MyFirstPodsLibTests" */;
			buildPhases = (
				2555EA1F27B2474E00955CC0 /* Sources */,
				2555EA2027B2474E00955CC0 /* Frameworks */,
				2555EA2127B2474E00955CC0 /* Resources */,
			);
			buildRules = (
			);
			dependencies = (
				2555EA2627B2474E00955CC0 /* PBXTargetDependency */,
			);
			name = MyFirstPodsLibTests;
			productName = MyFirstPodsLibTests;
			productReference = 2555EA2327B2474E00955CC0 /* MyFirstPodsLibTests.xctest */;
			productType = "com.apple.product-type.bundle.unit-test";
		};
		2555EA3627B2486900955CC0 /* MyFirstPodLibExample */ = {
			isa = PBXNativeTarget;
			buildConfigurationList = 2555EA4827B2486A00955CC0 /* Build configuration list for PBXNativeTarget "MyFirstPodLibExample" */;
			buildPhases = (
				2555EA3327B2486900955CC0 /* Sources */,
				2555EA3427B2486900955CC0 /* Frameworks */,
				2555EA3527B2486900955CC0 /* Resources */,
			);
			buildRules = (
			);
			dependencies = (
			);
			name = MyFirstPodLibExample;
			productName = MyFirstPodLibExample;
			productReference = 2555EA3727B2486900955CC0 /* MyFirstPodLibExample.app */;
			productType = "com.apple.product-type.application";
		};
/* End PBXNativeTarget section */

/* Begin PBXProject section */
		2555EA1027B2474D00955CC0 /* Project object */ = {
			isa = PBXProject;
			attributes = {
				BuildIndependentTargetsInParallel = 1;
				LastSwiftUpdateCheck = 1320;
				LastUpgradeCheck = 1320;
				TargetAttributes = {
					2555EA1827B2474D00955CC0 = {
						CreatedOnToolsVersion = 13.2.1;
					};
					2555EA2227B2474E00955CC0 = {
						CreatedOnToolsVersion = 13.2.1;
					};
					2555EA3627B2486900955CC0 = {
						CreatedOnToolsVersion = 13.2.1;
					};
				};
			};
			buildConfigurationList = 2555EA1327B2474D00955CC0 /* Build configuration list for PBXProject "MyFirstPodsLib" */;
			compatibilityVersion = "Xcode 13.0";
			developmentRegion = en;
			hasScannedForEncodings = 0;
			knownRegions = (
				en,
				Base,
			);
			mainGroup = 2555EA0F27B2474D00955CC0;
			productRefGroup = 2555EA1A27B2474D00955CC0 /* Products */;
			projectDirPath = "";
			projectRoot = "";
			targets = (
				2555EA1827B2474D00955CC0 /* MyFirstPodsLib */,
				2555EA2227B2474E00955CC0 /* MyFirstPodsLibTests */,
				2555EA3627B2486900955CC0 /* MyFirstPodLibExample */,
			);
		};
/* End PBXProject section */

/* Begin PBXResourcesBuildPhase section */
		2555EA1727B2474D00955CC0 /* Resources */ = {
			isa = PBXResourcesBuildPhase;
			buildActionMask = 2147483647;
			files = (
			);
			runOnlyForDeploymentPostprocessing = 0;
		};
		2555EA2127B2474E00955CC0 /* Resources */ = {
			isa = PBXResourcesBuildPhase;
			buildActionMask = 2147483647;
			files = (
			);
			runOnlyForDeploymentPostprocessing = 0;
		};
		2555EA3527B2486900955CC0 /* Resources */ = {
			isa = PBXResourcesBuildPhase;
			buildActionMask = 2147483647;
			files = (
				2555EA4627B2486A00955CC0 /* LaunchScreen.storyboard in Resources */,
				2555EA4327B2486A00955CC0 /* Assets.xcassets in Resources */,
				2555EA4127B2486900955CC0 /* Main.storyboard in Resources */,
			);
			runOnlyForDeploymentPostprocessing = 0;
		};
/* End PBXResourcesBuildPhase section */

/* Begin PBXSourcesBuildPhase section */
		2555EA1527B2474D00955CC0 /* Sources */ = {
			isa = PBXSourcesBuildPhase;
			buildActionMask = 2147483647;
			files = (
				2555EA4C27B248EE00955CC0 /* MyFirstPod.swift in Sources */,
				2555EA1E27B2474D00955CC0 /* MyFirstPodsLib.docc in Sources */,
			);
			runOnlyForDeploymentPostprocessing = 0;
		};
		2555EA1F27B2474E00955CC0 /* Sources */ = {
			isa = PBXSourcesBuildPhase;
			buildActionMask = 2147483647;
			files = (
				2555EA4D27B2694700955CC0 /* MyFirstPod.swift in Sources */,
				2555EA2927B2474E00955CC0 /* MyFirstPodsLibTests.swift in Sources */,
			);
			runOnlyForDeploymentPostprocessing = 0;
		};
		2555EA3327B2486900955CC0 /* Sources */ = {
			isa = PBXSourcesBuildPhase;
			buildActionMask = 2147483647;
			files = (
				2555EA3E27B2486900955CC0 /* ViewController.swift in Sources */,
				2555EA3A27B2486900955CC0 /* AppDelegate.swift in Sources */,
				2555EA3C27B2486900955CC0 /* SceneDelegate.swift in Sources */,
			);
			runOnlyForDeploymentPostprocessing = 0;
		};
/* End PBXSourcesBuildPhase section */

/* Begin PBXTargetDependency section */
		2555EA2627B2474E00955CC0 /* PBXTargetDependency */ = {
			isa = PBXTargetDependency;
			target = 2555EA1827B2474D00955CC0 /* MyFirstPodsLib */;
			targetProxy = 2555EA2527B2474E00955CC0 /* PBXContainerItemProxy */;
		};
/* End PBXTargetDependency section */

/* Begin PBXVariantGroup section */
		2555EA3F27B2486900955CC0 /* Main.storyboard */ = {
			isa = PBXVariantGroup;
			children = (
				2555EA4027B2486900955CC0 /* Base */,
			);
			name = Main.storyboard;
			sourceTree = "<group>";
		};
		2555EA4427B2486A00955CC0 /* LaunchScreen.storyboard */ = {
			isa = PBXVariantGroup;
			children = (
				2555EA4527B2486A00955CC0 /* Base */,
			);
			name = LaunchScreen.storyboard;
			sourceTree = "<group>";
		};
/* End PBXVariantGroup section */

/* Begin XCBuildConfiguration section */
		2555EA2B27B2474E00955CC0 /* Debug */ = {
			isa = XCBuildConfiguration;
			buildSettings = {
				ALWAYS_SEARCH_USER_PATHS = NO;
				CLANG_ANALYZER_NONNULL = YES;
				CLANG_ANALYZER_NUMBER_OBJECT_CONVERSION = YES_AGGRESSIVE;
				CLANG_CXX_LANGUAGE_STANDARD = "gnu++17";
				CLANG_CXX_LIBRARY = "libc++";
				CLANG_ENABLE_MODULES = YES;
				CLANG_ENABLE_OBJC_ARC = YES;
				CLANG_ENABLE_OBJC_WEAK = YES;
				CLANG_WARN_BLOCK_CAPTURE_AUTORELEASING = YES;
				CLANG_WARN_BOOL_CONVERSION = YES;
				CLANG_WARN_COMMA = YES;
				CLANG_WARN_CONSTANT_CONVERSION = YES;
				CLANG_WARN_DEPRECATED_OBJC_IMPLEMENTATIONS = YES;
				CLANG_WARN_DIRECT_OBJC_ISA_USAGE = YES_ERROR;
				CLANG_WARN_DOCUMENTATION_COMMENTS = YES;
				CLANG_WARN_EMPTY_BODY = YES;
				CLANG_WARN_ENUM_CONVERSION = YES;
				CLANG_WARN_INFINITE_RECURSION = YES;
				CLANG_WARN_INT_CONVERSION = YES;
				CLANG_WARN_NON_LITERAL_NULL_CONVERSION = YES;
				CLANG_WARN_OBJC_IMPLICIT_RETAIN_SELF = YES;
				CLANG_WARN_OBJC_LITERAL_CONVERSION = YES;
				CLANG_WARN_OBJC_ROOT_CLASS = YES_ERROR;
				CLANG_WARN_QUOTED_INCLUDE_IN_FRAMEWORK_HEADER = YES;
				CLANG_WARN_RANGE_LOOP_ANALYSIS = YES;
				CLANG_WARN_STRICT_PROTOTYPES = YES;
				CLANG_WARN_SUSPICIOUS_MOVE = YES;
				CLANG_WARN_UNGUARDED_AVAILABILITY = YES_AGGRESSIVE;
				CLANG_WARN_UNREACHABLE_CODE = YES;
				CLANG_WARN__DUPLICATE_METHOD_MATCH = YES;
				COPY_PHASE_STRIP = NO;
				CURRENT_PROJECT_VERSION = 1;
				DEBUG_INFORMATION_FORMAT = dwarf;
				ENABLE_STRICT_OBJC_MSGSEND = YES;
				ENABLE_TESTABILITY = YES;
				GCC_C_LANGUAGE_STANDARD = gnu11;
				GCC_DYNAMIC_NO_PIC = NO;
				GCC_NO_COMMON_BLOCKS = YES;
				GCC_OPTIMIZATION_LEVEL = 0;
				GCC_PREPROCESSOR_DEFINITIONS = (
					"DEBUG=1",
					"$(inherited)",
				);
				GCC_WARN_64_TO_32_BIT_CONVERSION = YES;
				GCC_WARN_ABOUT_RETURN_TYPE = YES_ERROR;
				GCC_WARN_UNDECLARED_SELECTOR = YES;
				GCC_WARN_UNINITIALIZED_AUTOS = YES_AGGRESSIVE;
				GCC_WARN_UNUSED_FUNCTION = YES;
				GCC_WARN_UNUSED_VARIABLE = YES;
				IPHONEOS_DEPLOYMENT_TARGET = 15.2;
				MTL_ENABLE_DEBUG_INFO = INCLUDE_SOURCE;
				MTL_FAST_MATH = YES;
				ONLY_ACTIVE_ARCH = YES;
				SDKROOT = iphoneos;
				SWIFT_ACTIVE_COMPILATION_CONDITIONS = DEBUG;
				SWIFT_OPTIMIZATION_LEVEL = "-Onone";
				VERSIONING_SYSTEM = "apple-generic";
				VERSION_INFO_PREFIX = "";
			};
			name = Debug;
		};
		2555EA2C27B2474E00955CC0 /* Release */ = {
			isa = XCBuildConfiguration;
			buildSettings = {
				ALWAYS_SEARCH_USER_PATHS = NO;
				CLANG_ANALYZER_NONNULL = YES;
				CLANG_ANALYZER_NUMBER_OBJECT_CONVERSION = YES_AGGRESSIVE;
				CLANG_CXX_LANGUAGE_STANDARD = "gnu++17";
				CLANG_CXX_LIBRARY = "libc++";
				CLANG_ENABLE_MODULES = YES;
				CLANG_ENABLE_OBJC_ARC = YES;
				CLANG_ENABLE_OBJC_WEAK = YES;
				CLANG_WARN_BLOCK_CAPTURE_AUTORELEASING = YES;
				CLANG_WARN_BOOL_CONVERSION = YES;
				CLANG_WARN_COMMA = YES;
				CLANG_WARN_CONSTANT_CONVERSION = YES;
				CLANG_WARN_DEPRECATED_OBJC_IMPLEMENTATIONS = YES;
				CLANG_WARN_DIRECT_OBJC_ISA_USAGE = YES_ERROR;
				CLANG_WARN_DOCUMENTATION_COMMENTS = YES;
				CLANG_WARN_EMPTY_BODY = YES;
				CLANG_WARN_ENUM_CONVERSION = YES;
				CLANG_WARN_INFINITE_RECURSION = YES;
				CLANG_WARN_INT_CONVERSION = YES;
				CLANG_WARN_NON_LITERAL_NULL_CONVERSION = YES;
				CLANG_WARN_OBJC_IMPLICIT_RETAIN_SELF = YES;
				CLANG_WARN_OBJC_LITERAL_CONVERSION = YES;
				CLANG_WARN_OBJC_ROOT_CLASS = YES_ERROR;
				CLANG_WARN_QUOTED_INCLUDE_IN_FRAMEWORK_HEADER = YES;
				CLANG_WARN_RANGE_LOOP_ANALYSIS = YES;
				CLANG_WARN_STRICT_PROTOTYPES = YES;
				CLANG_WARN_SUSPICIOUS_MOVE = YES;
				CLANG_WARN_UNGUARDED_AVAILABILITY = YES_AGGRESSIVE;
				CLANG_WARN_UNREACHABLE_CODE = YES;
				CLANG_WARN__DUPLICATE_METHOD_MATCH = YES;
				COPY_PHASE_STRIP = NO;
				CURRENT_PROJECT_VERSION = 1;
				DEBUG_INFORMATION_FORMAT = "dwarf-with-dsym";
				ENABLE_NS_ASSERTIONS = NO;
				ENABLE_STRICT_OBJC_MSGSEND = YES;
				GCC_C_LANGUAGE_STANDARD = gnu11;
				GCC_NO_COMMON_BLOCKS = YES;
				GCC_WARN_64_TO_32_BIT_CONVERSION = YES;
				GCC_WARN_ABOUT_RETURN_TYPE = YES_ERROR;
				GCC_WARN_UNDECLARED_SELECTOR = YES;
				GCC_WARN_UNINITIALIZED_AUTOS = YES_AGGRESSIVE;
				GCC_WARN_UNUSED_FUNCTION = YES;
				GCC_WARN_UNUSED_VARIABLE = YES;
				IPHONEOS_DEPLOYMENT_TARGET = 15.2;
				MTL_ENABLE_DEBUG_INFO = NO;
				MTL_FAST_MATH = YES;
				SDKROOT = iphoneos;
				SWIFT_COMPILATION_MODE = wholemodule;
				SWIFT_OPTIMIZATION_LEVEL = "-O";
				VALIDATE_PRODUCT = YES;
				VERSIONING_SYSTEM = "apple-generic";
				VERSION_INFO_PREFIX = "";
			};
			name = Release;
		};
		2555EA2E27B2474E00955CC0 /* Debug */ = {
			isa = XCBuildConfiguration;
			buildSettings = {
				CODE_SIGN_STYLE = Automatic;
				CURRENT_PROJECT_VERSION = 1;
				DEFINES_MODULE = YES;
				DEVELOPMENT_TEAM = FFB56TTU54;
				DYLIB_COMPATIBILITY_VERSION = 1;
				DYLIB_CURRENT_VERSION = 1;
				DYLIB_INSTALL_NAME_BASE = "@rpath";
				ENABLE_TESTING_SEARCH_PATHS = YES;
				GENERATE_INFOPLIST_FILE = YES;
				INFOPLIST_KEY_NSHumanReadableCopyright = "";
				INSTALL_PATH = "$(LOCAL_LIBRARY_DIR)/Frameworks";
				LD_RUNPATH_SEARCH_PATHS = (
					"$(inherited)",
					"@executable_path/Frameworks",
					"@loader_path/Frameworks",
				);
				MARKETING_VERSION = 1.0;
				PRODUCT_BUNDLE_IDENTIFIER = com.monscierge.MyFirstPodsLib;
				PRODUCT_NAME = "$(TARGET_NAME:c99extidentifier)";
				SKIP_INSTALL = YES;
				SWIFT_EMIT_LOC_STRINGS = YES;
				SWIFT_VERSION = 5.0;
				SYSTEM_FRAMEWORK_SEARCH_PATHS = (
					SYSTEM_FRAMEWORK_SEARCH_PATHS,
					"=",
					"$(DEVELOPER_DIR)/Platforms/MacOSX.platform/Developer/Library/Frameworks",
					"$(inherited)",
				);
				TARGETED_DEVICE_FAMILY = "1,2";
			};
			name = Debug;
		};
		2555EA2F27B2474E00955CC0 /* Release */ = {
			isa = XCBuildConfiguration;
			buildSettings = {
				CODE_SIGN_STYLE = Automatic;
				CURRENT_PROJECT_VERSION = 1;
				DEFINES_MODULE = YES;
				DEVELOPMENT_TEAM = FFB56TTU54;
				DYLIB_COMPATIBILITY_VERSION = 1;
				DYLIB_CURRENT_VERSION = 1;
				DYLIB_INSTALL_NAME_BASE = "@rpath";
				ENABLE_TESTING_SEARCH_PATHS = YES;
				GENERATE_INFOPLIST_FILE = YES;
				INFOPLIST_KEY_NSHumanReadableCopyright = "";
				INSTALL_PATH = "$(LOCAL_LIBRARY_DIR)/Frameworks";
				LD_RUNPATH_SEARCH_PATHS = (
					"$(inherited)",
					"@executable_path/Frameworks",
					"@loader_path/Frameworks",
				);
				MARKETING_VERSION = 1.0;
				PRODUCT_BUNDLE_IDENTIFIER = com.monscierge.MyFirstPodsLib;
				PRODUCT_NAME = "$(TARGET_NAME:c99extidentifier)";
				SKIP_INSTALL = YES;
				SWIFT_EMIT_LOC_STRINGS = YES;
				SWIFT_VERSION = 5.0;
				SYSTEM_FRAMEWORK_SEARCH_PATHS = (
					SYSTEM_FRAMEWORK_SEARCH_PATHS,
					"=",
					"$(DEVELOPER_DIR)/Platforms/MacOSX.platform/Developer/Library/Frameworks",
					"$(inherited)",
				);
				TARGETED_DEVICE_FAMILY = "1,2";
			};
			name = Release;
		};
		2555EA3127B2474E00955CC0 /* Debug */ = {
			isa = XCBuildConfiguration;
			buildSettings = {
				ALWAYS_EMBED_SWIFT_STANDARD_LIBRARIES = YES;
				CODE_SIGN_STYLE = Automatic;
				CURRENT_PROJECT_VERSION = 1;
				DEVELOPMENT_TEAM = FFB56TTU54;
				GENERATE_INFOPLIST_FILE = YES;
				MARKETING_VERSION = 1.0;
				PRODUCT_BUNDLE_IDENTIFIER = com.monscierge.MyFirstPodsLibTests;
				PRODUCT_NAME = "$(TARGET_NAME)";
				SWIFT_EMIT_LOC_STRINGS = NO;
				SWIFT_VERSION = 5.0;
				TARGETED_DEVICE_FAMILY = "1,2";
			};
			name = Debug;
		};
		2555EA3227B2474E00955CC0 /* Release */ = {
			isa = XCBuildConfiguration;
			buildSettings = {
				ALWAYS_EMBED_SWIFT_STANDARD_LIBRARIES = YES;
				CODE_SIGN_STYLE = Automatic;
				CURRENT_PROJECT_VERSION = 1;
				DEVELOPMENT_TEAM = FFB56TTU54;
				GENERATE_INFOPLIST_FILE = YES;
				MARKETING_VERSION = 1.0;
				PRODUCT_BUNDLE_IDENTIFIER = com.monscierge.MyFirstPodsLibTests;
				PRODUCT_NAME = "$(TARGET_NAME)";
				SWIFT_EMIT_LOC_STRINGS = NO;
				SWIFT_VERSION = 5.0;
				TARGETED_DEVICE_FAMILY = "1,2";
			};
			name = Release;
		};
		2555EA4927B2486A00955CC0 /* Debug */ = {
			isa = XCBuildConfiguration;
			buildSettings = {
				ASSETCATALOG_COMPILER_APPICON_NAME = AppIcon;
				ASSETCATALOG_COMPILER_GLOBAL_ACCENT_COLOR_NAME = AccentColor;
				CODE_SIGN_STYLE = Automatic;
				CURRENT_PROJECT_VERSION = 1;
				DEVELOPMENT_TEAM = FFB56TTU54;
				GENERATE_INFOPLIST_FILE = YES;
				INFOPLIST_FILE = MyFirstPodLibExample/Info.plist;
				INFOPLIST_KEY_UIApplicationSupportsIndirectInputEvents = YES;
				INFOPLIST_KEY_UILaunchStoryboardName = LaunchScreen;
				INFOPLIST_KEY_UIMainStoryboardFile = Main;
				INFOPLIST_KEY_UISupportedInterfaceOrientations_iPad = "UIInterfaceOrientationPortrait UIInterfaceOrientationPortraitUpsideDown UIInterfaceOrientationLandscapeLeft UIInterfaceOrientationLandscapeRight";
				INFOPLIST_KEY_UISupportedInterfaceOrientations_iPhone = "UIInterfaceOrientationPortrait UIInterfaceOrientationLandscapeLeft UIInterfaceOrientationLandscapeRight";
				LD_RUNPATH_SEARCH_PATHS = (
					"$(inherited)",
					"@executable_path/Frameworks",
				);
				MARKETING_VERSION = 1.0;
				PRODUCT_BUNDLE_IDENTIFIER = com.monscierge.MyFirstPodLibExample;
				PRODUCT_NAME = "$(TARGET_NAME)";
				SWIFT_EMIT_LOC_STRINGS = YES;
				SWIFT_VERSION = 5.0;
				TARGETED_DEVICE_FAMILY = "1,2";
			};
			name = Debug;
		};
		2555EA4A27B2486A00955CC0 /* Release */ = {
			isa = XCBuildConfiguration;
			buildSettings = {
				ASSETCATALOG_COMPILER_APPICON_NAME = AppIcon;
				ASSETCATALOG_COMPILER_GLOBAL_ACCENT_COLOR_NAME = AccentColor;
				CODE_SIGN_STYLE = Automatic;
				CURRENT_PROJECT_VERSION = 1;
				DEVELOPMENT_TEAM = FFB56TTU54;
				GENERATE_INFOPLIST_FILE = YES;
				INFOPLIST_FILE = MyFirstPodLibExample/Info.plist;
				INFOPLIST_KEY_UIApplicationSupportsIndirectInputEvents = YES;
				INFOPLIST_KEY_UILaunchStoryboardName = LaunchScreen;
				INFOPLIST_KEY_UIMainStoryboardFile = Main;
				INFOPLIST_KEY_UISupportedInterfaceOrientations_iPad = "UIInterfaceOrientationPortrait UIInterfaceOrientationPortraitUpsideDown UIInterfaceOrientationLandscapeLeft UIInterfaceOrientationLandscapeRight";
				INFOPLIST_KEY_UISupportedInterfaceOrientations_iPhone = "UIInterfaceOrientationPortrait UIInterfaceOrientationLandscapeLeft UIInterfaceOrientationLandscapeRight";
				LD_RUNPATH_SEARCH_PATHS = (
					"$(inherited)",
					"@executable_path/Frameworks",
				);
				MARKETING_VERSION = 1.0;
				PRODUCT_BUNDLE_IDENTIFIER = com.monscierge.MyFirstPodLibExample;
				PRODUCT_NAME = "$(TARGET_NAME)";
				SWIFT_EMIT_LOC_STRINGS = YES;
				SWIFT_VERSION = 5.0;
				TARGETED_DEVICE_FAMILY = "1,2";
			};
			name = Release;
		};
/* End XCBuildConfiguration section */

/* Begin XCConfigurationList section */
		2555EA1327B2474D00955CC0 /* Build configuration list for PBXProject "MyFirstPodsLib" */ = {
			isa = XCConfigurationList;
			buildConfigurations = (
				2555EA2B27B2474E00955CC0 /* Debug */,
				2555EA2C27B2474E00955CC0 /* Release */,
			);
			defaultConfigurationIsVisible = 0;
			defaultConfigurationName = Release;
		};
		2555EA2D27B2474E00955CC0 /* Build configuration list for PBXNativeTarget "MyFirstPodsLib" */ = {
			isa = XCConfigurationList;
			buildConfigurations = (
				2555EA2E27B2474E00955CC0 /* Debug */,
				2555EA2F27B2474E00955CC0 /* Release */,
			);
			defaultConfigurationIsVisible = 0;
			defaultConfigurationName = Release;
		};
		2555EA3027B2474E00955CC0 /* Build configuration list for PBXNativeTarget "MyFirstPodsLibTests" */ = {
			isa = XCConfigurationList;
			buildConfigurations = (
				2555EA3127B2474E00955CC0 /* Debug */,
				2555EA3227B2474E00955CC0 /* Release */,
			);
			defaultConfigurationIsVisible = 0;
			defaultConfigurationName = Release;
		};
		2555EA4827B2486A00955CC0 /* Build configuration list for PBXNativeTarget "MyFirstPodLibExample" */ = {
			isa = XCConfigurationList;
			buildConfigurations = (
				2555EA4927B2486A00955CC0 /* Debug */,
				2555EA4A27B2486A00955CC0 /* Release */,
			);
			defaultConfigurationIsVisible = 0;
			defaultConfigurationName = Release;
		};
/* End XCConfigurationList section */
	};
	rootObject = 2555EA1027B2474D00955CC0 /* Project object */;
}
